
Microsoft Visual Studio Solution File, Format Version 12.00
# Visual Studio 15
VisualStudioVersion = 15.0.28307.102
MinimumVisualStudioVersion = 10.0.40219.1
Project("{9A19103F-16F7-4668-BE54-9A1E7A4F7556}") = "Eventures", "Eventures\Eventures.csproj", "{FE0DC7B0-084A-4142-AD3F-C3453ABAE370}"
EndProject
Project("{9A19103F-16F7-4668-BE54-9A1E7A4F7556}") = "Eventures.Models", "Eventures.Models\Eventures.Models.csproj", "{A9920B49-D006-47CF-AA91-8B19F5AD890F}"
EndProject
Project("{9A19103F-16F7-4668-BE54-9A1E7A4F7556}") = "Eventures.Data", "Eventures.Data\Eventures.Data.csproj", "{F52345CB-0799-4DE6-B94E-C335BC2E51F5}"
EndProject
Global
	GlobalSection(SolutionConfigurationPlatforms) = preSolution
		Debug|Any CPU = Debug|Any CPU
		Release|Any CPU = Release|Any CPU
	EndGlobalSection
	GlobalSection(ProjectConfigurationPlatforms) = postSolution
		{FE0DC7B0-084A-4142-AD3F-C3453ABAE370}.Debug|Any CPU.ActiveCfg = Debug|Any CPU
		{FE0DC7B0-084A-4142-AD3F-C3453ABAE370}.Debug|Any CPU.Build.0 = Debug|Any CPU
		{FE0DC7B0-084A-4142-AD3F-C3453ABAE370}.Release|Any CPU.ActiveCfg = Release|Any CPU
		{FE0DC7B0-084A-4142-AD3F-C3453ABAE370}.Release|Any CPU.Build.0 = Release|Any CPU
		{A9920B49-D006-47CF-AA91-8B19F5AD890F}.Debug|Any CPU.ActiveCfg = Debug|Any CPU
		{A9920B49-D006-47CF-AA91-8B19F5AD890F}.Debug|Any CPU.Build.0 = Debug|Any CPU
		{A9920B49-D006-47CF-AA91-8B19F5AD890F}.Release|Any CPU.ActiveCfg = Release|Any CPU
		{A9920B49-D006-47CF-AA91-8B19F5AD890F}.Release|Any CPU.Build.0 = Release|Any CPU
		{F52345CB-0799-4DE6-B94E-C335BC2E51F5}.Debug|Any CPU.ActiveCfg = Debug|Any CPU
		{F52345CB-0799-4DE6-B94E-C335BC2E51F5}.Debug|Any CPU.Build.0 = Debug|Any CPU
		{F52345CB-0799-4DE6-B94E-C335BC2E51F5}.Release|Any CPU.ActiveCfg = Release|Any CPU
		{F52345CB-0799-4DE6-B94E-C335BC2E51F5}.Release|Any CPU.Build.0 = Release|Any CPU
	EndGlobalSection
	GlobalSection(SolutionProperties) = preSolution
		HideSolutionNode = FALSE
	EndGlobalSection
	GlobalSection(ExtensibilityGlobals) = postSolution
		SolutionGuid = {FA81130A-92E8-4297-81BD-D811BE6D4FD3}
	EndGlobalSection
EndGlobal
